
Microsoft Visual Studio Solution File, Format Version 12.00
# Visual Studio Version 17
VisualStudioVersion = 17.0.31903.59
MinimumVisualStudioVersion = 10.0.40219.1
Project("{2150E333-8FDC-42A3-9474-1A3956D46DE8}") = "src", "src", "{827E0CD3-B72D-47B6-A68D-7590B98EB39B}"
EndProject
Project("{FAE04EC0-301F-11D3-BF4B-00C04F79EFBC}") = "Brimborium.CodeAsCode", "src\Brimborium.CodeAsCode\Brimborium.CodeAsCode.csproj", "{7EEFCFDA-702F-4975-9DB6-2FEE1B3D24E7}"
EndProject
Project("{2150E333-8FDC-42A3-9474-1A3956D46DE8}") = "test", "test", "{0C88DD14-F956-CE84-757C-A364CCF449FC}"
EndProject
Project("{FAE04EC0-301F-11D3-BF4B-00C04F79EFBC}") = "Brimborium.CodeAsCode.Tests", "test\Brimborium.CodeAsCode.Tests\Brimborium.CodeAsCode.Tests.csproj", "{5A13665C-98DF-44C6-BA6F-360B4A2C3711}"
EndProject
Project("{2150E333-8FDC-42A3-9474-1A3956D46DE8}") = "Solution items", "Solution items", "{F95F36B3-A855-4CEF-B717-C2FAE84F91B3}"
	ProjectSection(SolutionItems) = preProject
		Directory.Packages.props = Directory.Packages.props
	EndProjectSection
EndProject
Project("{FAE04EC0-301F-11D3-BF4B-00C04F79EFBC}") = "Brimborium.CodeAsCode.WebApp", "src\Brimborium.CodeAsCode.WebApp\Brimborium.CodeAsCode.WebApp.csproj", "{CF4FCFA4-BCC5-4B3D-AA90-E33EF107A1EF}"
EndProject
Project("{FAE04EC0-301F-11D3-BF4B-00C04F79EFBC}") = "Brimborium.CodeAsCode.WebApp.Tests", "test\Brimborium.CodeAsCode.WebApp.Tests\Brimborium.CodeAsCode.WebApp.Tests.csproj", "{F72FC505-FE87-46A6-A8A9-09AD44BACC98}"
EndProject
Project("{2150E333-8FDC-42A3-9474-1A3956D46DE8}") = "sample", "sample", "{4F9DEAE5-078F-E77A-2E4A-FEB6FFE226FF}"
EndProject
Project("{FAE04EC0-301F-11D3-BF4B-00C04F79EFBC}") = "SampleApp", "sample\SampleApp\SampleApp.csproj", "{93A4F04D-22B0-4B5A-8AB5-1B4A93A9F0C7}"
EndProject
Project("{FAE04EC0-301F-11D3-BF4B-00C04F79EFBC}") = "SampleApp.Casc", "sample\SampleApp.Casc\SampleApp.Casc.csproj", "{3DAD0314-BE96-4029-AFB4-CC5C247A043C}"
EndProject
Project("{FAE04EC0-301F-11D3-BF4B-00C04F79EFBC}") = "SampleApp.Tests", "sample\SampleApp.Tests\SampleApp.Tests.csproj", "{45AAB5FA-38D8-49DF-B7E3-ACCA0FDBDF09}"
EndProject
Project("{FAE04EC0-301F-11D3-BF4B-00C04F79EFBC}") = "SampleAppFrontend", "sample\SampleAppFrontend\SampleAppFrontend.csproj", "{4954038A-F877-4C0E-A73C-616CC4D9EA52}"
EndProject
Project("{FAE04EC0-301F-11D3-BF4B-00C04F79EFBC}") = "Brimborium.CodeAsCode.WebAppFrontend", "src\Brimborium.CodeAsCode.WebAppFrontend\Brimborium.CodeAsCode.WebAppFrontend.csproj", "{2C80CB2C-B98D-4688-8048-7AC4B66AA4AD}"
EndProject
Global
	GlobalSection(SolutionConfigurationPlatforms) = preSolution
		Debug|Any CPU = Debug|Any CPU
		Debug|x64 = Debug|x64
		Debug|x86 = Debug|x86
		Release|Any CPU = Release|Any CPU
		Release|x64 = Release|x64
		Release|x86 = Release|x86
	EndGlobalSection
	GlobalSection(ProjectConfigurationPlatforms) = postSolution
		{7EEFCFDA-702F-4975-9DB6-2FEE1B3D24E7}.Debug|Any CPU.ActiveCfg = Debug|Any CPU
		{7EEFCFDA-702F-4975-9DB6-2FEE1B3D24E7}.Debug|Any CPU.Build.0 = Debug|Any CPU
		{7EEFCFDA-702F-4975-9DB6-2FEE1B3D24E7}.Debug|x64.ActiveCfg = Debug|Any CPU
		{7EEFCFDA-702F-4975-9DB6-2FEE1B3D24E7}.Debug|x64.Build.0 = Debug|Any CPU
		{7EEFCFDA-702F-4975-9DB6-2FEE1B3D24E7}.Debug|x86.ActiveCfg = Debug|Any CPU
		{7EEFCFDA-702F-4975-9DB6-2FEE1B3D24E7}.Debug|x86.Build.0 = Debug|Any CPU
		{7EEFCFDA-702F-4975-9DB6-2FEE1B3D24E7}.Release|Any CPU.ActiveCfg = Release|Any CPU
		{7EEFCFDA-702F-4975-9DB6-2FEE1B3D24E7}.Release|Any CPU.Build.0 = Release|Any CPU
		{7EEFCFDA-702F-4975-9DB6-2FEE1B3D24E7}.Release|x64.ActiveCfg = Release|Any CPU
		{7EEFCFDA-702F-4975-9DB6-2FEE1B3D24E7}.Release|x64.Build.0 = Release|Any CPU
		{7EEFCFDA-702F-4975-9DB6-2FEE1B3D24E7}.Release|x86.ActiveCfg = Release|Any CPU
		{7EEFCFDA-702F-4975-9DB6-2FEE1B3D24E7}.Release|x86.Build.0 = Release|Any CPU
		{5A13665C-98DF-44C6-BA6F-360B4A2C3711}.Debug|Any CPU.ActiveCfg = Debug|Any CPU
		{5A13665C-98DF-44C6-BA6F-360B4A2C3711}.Debug|Any CPU.Build.0 = Debug|Any CPU
		{5A13665C-98DF-44C6-BA6F-360B4A2C3711}.Debug|x64.ActiveCfg = Debug|Any CPU
		{5A13665C-98DF-44C6-BA6F-360B4A2C3711}.Debug|x64.Build.0 = Debug|Any CPU
		{5A13665C-98DF-44C6-BA6F-360B4A2C3711}.Debug|x86.ActiveCfg = Debug|Any CPU
		{5A13665C-98DF-44C6-BA6F-360B4A2C3711}.Debug|x86.Build.0 = Debug|Any CPU
		{5A13665C-98DF-44C6-BA6F-360B4A2C3711}.Release|Any CPU.ActiveCfg = Release|Any CPU
		{5A13665C-98DF-44C6-BA6F-360B4A2C3711}.Release|Any CPU.Build.0 = Release|Any CPU
		{5A13665C-98DF-44C6-BA6F-360B4A2C3711}.Release|x64.ActiveCfg = Release|Any CPU
		{5A13665C-98DF-44C6-BA6F-360B4A2C3711}.Release|x64.Build.0 = Release|Any CPU
		{5A13665C-98DF-44C6-BA6F-360B4A2C3711}.Release|x86.ActiveCfg = Release|Any CPU
		{5A13665C-98DF-44C6-BA6F-360B4A2C3711}.Release|x86.Build.0 = Release|Any CPU
		{CF4FCFA4-BCC5-4B3D-AA90-E33EF107A1EF}.Debug|Any CPU.ActiveCfg = Debug|Any CPU
		{CF4FCFA4-BCC5-4B3D-AA90-E33EF107A1EF}.Debug|Any CPU.Build.0 = Debug|Any CPU
		{CF4FCFA4-BCC5-4B3D-AA90-E33EF107A1EF}.Debug|x64.ActiveCfg = Debug|Any CPU
		{CF4FCFA4-BCC5-4B3D-AA90-E33EF107A1EF}.Debug|x64.Build.0 = Debug|Any CPU
		{CF4FCFA4-BCC5-4B3D-AA90-E33EF107A1EF}.Debug|x86.ActiveCfg = Debug|Any CPU
		{CF4FCFA4-BCC5-4B3D-AA90-E33EF107A1EF}.Debug|x86.Build.0 = Debug|Any CPU
		{CF4FCFA4-BCC5-4B3D-AA90-E33EF107A1EF}.Release|Any CPU.ActiveCfg = Release|Any CPU
		{CF4FCFA4-BCC5-4B3D-AA90-E33EF107A1EF}.Release|Any CPU.Build.0 = Release|Any CPU
		{CF4FCFA4-BCC5-4B3D-AA90-E33EF107A1EF}.Release|x64.ActiveCfg = Release|Any CPU
		{CF4FCFA4-BCC5-4B3D-AA90-E33EF107A1EF}.Release|x64.Build.0 = Release|Any CPU
		{CF4FCFA4-BCC5-4B3D-AA90-E33EF107A1EF}.Release|x86.ActiveCfg = Release|Any CPU
		{CF4FCFA4-BCC5-4B3D-AA90-E33EF107A1EF}.Release|x86.Build.0 = Release|Any CPU
		{F72FC505-FE87-46A6-A8A9-09AD44BACC98}.Debug|Any CPU.ActiveCfg = Debug|Any CPU
		{F72FC505-FE87-46A6-A8A9-09AD44BACC98}.Debug|Any CPU.Build.0 = Debug|Any CPU
		{F72FC505-FE87-46A6-A8A9-09AD44BACC98}.Debug|x64.ActiveCfg = Debug|Any CPU
		{F72FC505-FE87-46A6-A8A9-09AD44BACC98}.Debug|x64.Build.0 = Debug|Any CPU
		{F72FC505-FE87-46A6-A8A9-09AD44BACC98}.Debug|x86.ActiveCfg = Debug|Any CPU
		{F72FC505-FE87-46A6-A8A9-09AD44BACC98}.Debug|x86.Build.0 = Debug|Any CPU
		{F72FC505-FE87-46A6-A8A9-09AD44BACC98}.Release|Any CPU.ActiveCfg = Release|Any CPU
		{F72FC505-FE87-46A6-A8A9-09AD44BACC98}.Release|Any CPU.Build.0 = Release|Any CPU
		{F72FC505-FE87-46A6-A8A9-09AD44BACC98}.Release|x64.ActiveCfg = Release|Any CPU
		{F72FC505-FE87-46A6-A8A9-09AD44BACC98}.Release|x64.Build.0 = Release|Any CPU
		{F72FC505-FE87-46A6-A8A9-09AD44BACC98}.Release|x86.ActiveCfg = Release|Any CPU
		{F72FC505-FE87-46A6-A8A9-09AD44BACC98}.Release|x86.Build.0 = Release|Any CPU
		{93A4F04D-22B0-4B5A-8AB5-1B4A93A9F0C7}.Debug|Any CPU.ActiveCfg = Debug|Any CPU
		{93A4F04D-22B0-4B5A-8AB5-1B4A93A9F0C7}.Debug|Any CPU.Build.0 = Debug|Any CPU
		{93A4F04D-22B0-4B5A-8AB5-1B4A93A9F0C7}.Debug|x64.ActiveCfg = Debug|Any CPU
		{93A4F04D-22B0-4B5A-8AB5-1B4A93A9F0C7}.Debug|x64.Build.0 = Debug|Any CPU
		{93A4F04D-22B0-4B5A-8AB5-1B4A93A9F0C7}.Debug|x86.ActiveCfg = Debug|Any CPU
		{93A4F04D-22B0-4B5A-8AB5-1B4A93A9F0C7}.Debug|x86.Build.0 = Debug|Any CPU
		{93A4F04D-22B0-4B5A-8AB5-1B4A93A9F0C7}.Release|Any CPU.ActiveCfg = Release|Any CPU
		{93A4F04D-22B0-4B5A-8AB5-1B4A93A9F0C7}.Release|Any CPU.Build.0 = Release|Any CPU
		{93A4F04D-22B0-4B5A-8AB5-1B4A93A9F0C7}.Release|x64.ActiveCfg = Release|Any CPU
		{93A4F04D-22B0-4B5A-8AB5-1B4A93A9F0C7}.Release|x64.Build.0 = Release|Any CPU
		{93A4F04D-22B0-4B5A-8AB5-1B4A93A9F0C7}.Release|x86.ActiveCfg = Release|Any CPU
		{93A4F04D-22B0-4B5A-8AB5-1B4A93A9F0C7}.Release|x86.Build.0 = Release|Any CPU
		{3DAD0314-BE96-4029-AFB4-CC5C247A043C}.Debug|Any CPU.ActiveCfg = Debug|Any CPU
		{3DAD0314-BE96-4029-AFB4-CC5C247A043C}.Debug|Any CPU.Build.0 = Debug|Any CPU
		{3DAD0314-BE96-4029-AFB4-CC5C247A043C}.Debug|x64.ActiveCfg = Debug|Any CPU
		{3DAD0314-BE96-4029-AFB4-CC5C247A043C}.Debug|x64.Build.0 = Debug|Any CPU
		{3DAD0314-BE96-4029-AFB4-CC5C247A043C}.Debug|x86.ActiveCfg = Debug|Any CPU
		{3DAD0314-BE96-4029-AFB4-CC5C247A043C}.Debug|x86.Build.0 = Debug|Any CPU
		{3DAD0314-BE96-4029-AFB4-CC5C247A043C}.Release|Any CPU.ActiveCfg = Release|Any CPU
		{3DAD0314-BE96-4029-AFB4-CC5C247A043C}.Release|Any CPU.Build.0 = Release|Any CPU
		{3DAD0314-BE96-4029-AFB4-CC5C247A043C}.Release|x64.ActiveCfg = Release|Any CPU
		{3DAD0314-BE96-4029-AFB4-CC5C247A043C}.Release|x64.Build.0 = Release|Any CPU
		{3DAD0314-BE96-4029-AFB4-CC5C247A043C}.Release|x86.ActiveCfg = Release|Any CPU
		{3DAD0314-BE96-4029-AFB4-CC5C247A043C}.Release|x86.Build.0 = Release|Any CPU
		{45AAB5FA-38D8-49DF-B7E3-ACCA0FDBDF09}.Debug|Any CPU.ActiveCfg = Debug|Any CPU
		{45AAB5FA-38D8-49DF-B7E3-ACCA0FDBDF09}.Debug|Any CPU.Build.0 = Debug|Any CPU
		{45AAB5FA-38D8-49DF-B7E3-ACCA0FDBDF09}.Debug|x64.ActiveCfg = Debug|Any CPU
		{45AAB5FA-38D8-49DF-B7E3-ACCA0FDBDF09}.Debug|x64.Build.0 = Debug|Any CPU
		{45AAB5FA-38D8-49DF-B7E3-ACCA0FDBDF09}.Debug|x86.ActiveCfg = Debug|Any CPU
		{45AAB5FA-38D8-49DF-B7E3-ACCA0FDBDF09}.Debug|x86.Build.0 = Debug|Any CPU
		{45AAB5FA-38D8-49DF-B7E3-ACCA0FDBDF09}.Release|Any CPU.ActiveCfg = Release|Any CPU
		{45AAB5FA-38D8-49DF-B7E3-ACCA0FDBDF09}.Release|Any CPU.Build.0 = Release|Any CPU
		{45AAB5FA-38D8-49DF-B7E3-ACCA0FDBDF09}.Release|x64.ActiveCfg = Release|Any CPU
		{45AAB5FA-38D8-49DF-B7E3-ACCA0FDBDF09}.Release|x64.Build.0 = Release|Any CPU
		{45AAB5FA-38D8-49DF-B7E3-ACCA0FDBDF09}.Release|x86.ActiveCfg = Release|Any CPU
		{45AAB5FA-38D8-49DF-B7E3-ACCA0FDBDF09}.Release|x86.Build.0 = Release|Any CPU
		{4954038A-F877-4C0E-A73C-616CC4D9EA52}.Debug|Any CPU.ActiveCfg = Debug|Any CPU
		{4954038A-F877-4C0E-A73C-616CC4D9EA52}.Debug|Any CPU.Build.0 = Debug|Any CPU
		{4954038A-F877-4C0E-A73C-616CC4D9EA52}.Debug|x64.ActiveCfg = Debug|Any CPU
		{4954038A-F877-4C0E-A73C-616CC4D9EA52}.Debug|x64.Build.0 = Debug|Any CPU
		{4954038A-F877-4C0E-A73C-616CC4D9EA52}.Debug|x86.ActiveCfg = Debug|Any CPU
		{4954038A-F877-4C0E-A73C-616CC4D9EA52}.Debug|x86.Build.0 = Debug|Any CPU
		{4954038A-F877-4C0E-A73C-616CC4D9EA52}.Release|Any CPU.ActiveCfg = Release|Any CPU
		{4954038A-F877-4C0E-A73C-616CC4D9EA52}.Release|Any CPU.Build.0 = Release|Any CPU
		{4954038A-F877-4C0E-A73C-616CC4D9EA52}.Release|x64.ActiveCfg = Release|Any CPU
		{4954038A-F877-4C0E-A73C-616CC4D9EA52}.Release|x64.Build.0 = Release|Any CPU
		{4954038A-F877-4C0E-A73C-616CC4D9EA52}.Release|x86.ActiveCfg = Release|Any CPU
		{4954038A-F877-4C0E-A73C-616CC4D9EA52}.Release|x86.Build.0 = Release|Any CPU
		{2C80CB2C-B98D-4688-8048-7AC4B66AA4AD}.Debug|Any CPU.ActiveCfg = Debug|Any CPU
		{2C80CB2C-B98D-4688-8048-7AC4B66AA4AD}.Debug|Any CPU.Build.0 = Debug|Any CPU
		{2C80CB2C-B98D-4688-8048-7AC4B66AA4AD}.Debug|x64.ActiveCfg = Debug|Any CPU
		{2C80CB2C-B98D-4688-8048-7AC4B66AA4AD}.Debug|x64.Build.0 = Debug|Any CPU
		{2C80CB2C-B98D-4688-8048-7AC4B66AA4AD}.Debug|x86.ActiveCfg = Debug|Any CPU
		{2C80CB2C-B98D-4688-8048-7AC4B66AA4AD}.Debug|x86.Build.0 = Debug|Any CPU
		{2C80CB2C-B98D-4688-8048-7AC4B66AA4AD}.Release|Any CPU.ActiveCfg = Release|Any CPU
		{2C80CB2C-B98D-4688-8048-7AC4B66AA4AD}.Release|Any CPU.Build.0 = Release|Any CPU
		{2C80CB2C-B98D-4688-8048-7AC4B66AA4AD}.Release|x64.ActiveCfg = Release|Any CPU
		{2C80CB2C-B98D-4688-8048-7AC4B66AA4AD}.Release|x64.Build.0 = Release|Any CPU
		{2C80CB2C-B98D-4688-8048-7AC4B66AA4AD}.Release|x86.ActiveCfg = Release|Any CPU
		{2C80CB2C-B98D-4688-8048-7AC4B66AA4AD}.Release|x86.Build.0 = Release|Any CPU
	EndGlobalSection
	GlobalSection(SolutionProperties) = preSolution
		HideSolutionNode = FALSE
	EndGlobalSection
	GlobalSection(NestedProjects) = preSolution
		{7EEFCFDA-702F-4975-9DB6-2FEE1B3D24E7} = {827E0CD3-B72D-47B6-A68D-7590B98EB39B}
		{5A13665C-98DF-44C6-BA6F-360B4A2C3711} = {0C88DD14-F956-CE84-757C-A364CCF449FC}
		{CF4FCFA4-BCC5-4B3D-AA90-E33EF107A1EF} = {827E0CD3-B72D-47B6-A68D-7590B98EB39B}
		{F72FC505-FE87-46A6-A8A9-09AD44BACC98} = {0C88DD14-F956-CE84-757C-A364CCF449FC}
		{93A4F04D-22B0-4B5A-8AB5-1B4A93A9F0C7} = {4F9DEAE5-078F-E77A-2E4A-FEB6FFE226FF}
		{3DAD0314-BE96-4029-AFB4-CC5C247A043C} = {4F9DEAE5-078F-E77A-2E4A-FEB6FFE226FF}
		{45AAB5FA-38D8-49DF-B7E3-ACCA0FDBDF09} = {4F9DEAE5-078F-E77A-2E4A-FEB6FFE226FF}
		{4954038A-F877-4C0E-A73C-616CC4D9EA52} = {4F9DEAE5-078F-E77A-2E4A-FEB6FFE226FF}
		{2C80CB2C-B98D-4688-8048-7AC4B66AA4AD} = {827E0CD3-B72D-47B6-A68D-7590B98EB39B}
	EndGlobalSection
EndGlobal
