
Microsoft Visual Studio Solution File, Format Version 12.00
# Visual Studio Version 17
VisualStudioVersion = 17.0.31903.59
MinimumVisualStudioVersion = 10.0.40219.1
Project("{2150E333-8FDC-42A3-9474-1A3956D46DE8}") = "src", "src", "{827E0CD3-B72D-47B6-A68D-7590B98EB39B}"
EndProject
Project("{2150E333-8FDC-42A3-9474-1A3956D46DE8}") = "test", "test", "{0C88DD14-F956-CE84-757C-A364CCF449FC}"
EndProject
Project("{FAE04EC0-301F-11D3-BF4B-00C04F79EFBC}") = "Brimborium.CodeAsCode.Tests", "test\Brimborium.CodeAsCode.Tests\Brimborium.CodeAsCode.Tests.csproj", "{5A13665C-98DF-44C6-BA6F-360B4A2C3711}"
EndProject
Project("{2150E333-8FDC-42A3-9474-1A3956D46DE8}") = "Solution items", "Solution items", "{F95F36B3-A855-4CEF-B717-C2FAE84F91B3}"
	ProjectSection(SolutionItems) = preProject
		Directory.Build.props = Directory.Build.props
		Directory.Packages.props = Directory.Packages.props
	EndProjectSection
EndProject
Project("{FAE04EC0-301F-11D3-BF4B-00C04F79EFBC}") = "Brimborium.CodeAsCode.WebApp.Tests", "test\Brimborium.CodeAsCode.WebApp.Tests\Brimborium.CodeAsCode.WebApp.Tests.csproj", "{F72FC505-FE87-46A6-A8A9-09AD44BACC98}"
EndProject
Project("{2150E333-8FDC-42A3-9474-1A3956D46DE8}") = "sample", "sample", "{4F9DEAE5-078F-E77A-2E4A-FEB6FFE226FF}"
	ProjectSection(SolutionItems) = preProject
		Directory.Build.props = Directory.Build.props
		Directory.Packages.props = Directory.Packages.props
	EndProjectSection
EndProject
Project("{FAE04EC0-301F-11D3-BF4B-00C04F79EFBC}") = "SampleApp", "..\sample\SampleApp\SampleApp.csproj", "{93A4F04D-22B0-4B5A-8AB5-1B4A93A9F0C7}"
EndProject
Project("{FAE04EC0-301F-11D3-BF4B-00C04F79EFBC}") = "SampleApp.Casc", "..\sample\SampleApp.Casc\SampleApp.Casc.csproj", "{3DAD0314-BE96-4029-AFB4-CC5C247A043C}"
EndProject
Project("{FAE04EC0-301F-11D3-BF4B-00C04F79EFBC}") = "SampleApp.Tests", "..\sample\SampleApp.Tests\SampleApp.Tests.csproj", "{45AAB5FA-38D8-49DF-B7E3-ACCA0FDBDF09}"
EndProject
Project("{FAE04EC0-301F-11D3-BF4B-00C04F79EFBC}") = "SampleAppFrontend", "..\sample\SampleAppFrontend\SampleAppFrontend.csproj", "{4954038A-F877-4C0E-A73C-616CC4D9EA52}"
EndProject
Project("{FAE04EC0-301F-11D3-BF4B-00C04F79EFBC}") = "Brimborium.CodeAsCode", "src\Brimborium.CodeAsCode\Brimborium.CodeAsCode.csproj", "{3438FDE6-EB0A-7A82-5A69-FD26838B66B1}"
EndProject
Project("{FAE04EC0-301F-11D3-BF4B-00C04F79EFBC}") = "Brimborium.CodeAsCode.WebApp", "src\Brimborium.CodeAsCode.WebApp\Brimborium.CodeAsCode.WebApp.csproj", "{C75D4E4C-3769-00F2-55D7-18834B59A5DB}"
EndProject
Project("{FAE04EC0-301F-11D3-BF4B-00C04F79EFBC}") = "Brimborium.CodeAsCode.WebAppFrontend", "src\Brimborium.CodeAsCode.WebAppFrontend\Brimborium.CodeAsCode.WebAppFrontend.csproj", "{1A4E97F6-AA88-D59B-AEEB-C64D65DA1E6E}"
EndProject
Project("{FAE04EC0-301F-11D3-BF4B-00C04F79EFBC}") = "Brimborium.CodeAsCode.WebApp.Casc", "src\Brimborium.CodeAsCode.WebApp.Casc\Brimborium.CodeAsCode.WebApp.Casc.csproj", "{6A75709B-EBFC-83C3-C4C8-AD1D07E619C9}"
EndProject
Global
	GlobalSection(SolutionConfigurationPlatforms) = preSolution
		Debug|Any CPU = Debug|Any CPU
		Debug|x64 = Debug|x64
		Debug|x86 = Debug|x86
		Release|Any CPU = Release|Any CPU
		Release|x64 = Release|x64
		Release|x86 = Release|x86
	EndGlobalSection
	GlobalSection(ProjectConfigurationPlatforms) = postSolution
		{5A13665C-98DF-44C6-BA6F-360B4A2C3711}.Debug|Any CPU.ActiveCfg = Debug|Any CPU
		{5A13665C-98DF-44C6-BA6F-360B4A2C3711}.Debug|Any CPU.Build.0 = Debug|Any CPU
		{5A13665C-98DF-44C6-BA6F-360B4A2C3711}.Debug|x64.ActiveCfg = Debug|Any CPU
		{5A13665C-98DF-44C6-BA6F-360B4A2C3711}.Debug|x64.Build.0 = Debug|Any CPU
		{5A13665C-98DF-44C6-BA6F-360B4A2C3711}.Debug|x86.ActiveCfg = Debug|Any CPU
		{5A13665C-98DF-44C6-BA6F-360B4A2C3711}.Debug|x86.Build.0 = Debug|Any CPU
		{5A13665C-98DF-44C6-BA6F-360B4A2C3711}.Release|Any CPU.ActiveCfg = Release|Any CPU
		{5A13665C-98DF-44C6-BA6F-360B4A2C3711}.Release|Any CPU.Build.0 = Release|Any CPU
		{5A13665C-98DF-44C6-BA6F-360B4A2C3711}.Release|x64.ActiveCfg = Release|Any CPU
		{5A13665C-98DF-44C6-BA6F-360B4A2C3711}.Release|x64.Build.0 = Release|Any CPU
		{5A13665C-98DF-44C6-BA6F-360B4A2C3711}.Release|x86.ActiveCfg = Release|Any CPU
		{5A13665C-98DF-44C6-BA6F-360B4A2C3711}.Release|x86.Build.0 = Release|Any CPU
		{F72FC505-FE87-46A6-A8A9-09AD44BACC98}.Debug|Any CPU.ActiveCfg = Debug|Any CPU
		{F72FC505-FE87-46A6-A8A9-09AD44BACC98}.Debug|Any CPU.Build.0 = Debug|Any CPU
		{F72FC505-FE87-46A6-A8A9-09AD44BACC98}.Debug|x64.ActiveCfg = Debug|Any CPU
		{F72FC505-FE87-46A6-A8A9-09AD44BACC98}.Debug|x64.Build.0 = Debug|Any CPU
		{F72FC505-FE87-46A6-A8A9-09AD44BACC98}.Debug|x86.ActiveCfg = Debug|Any CPU
		{F72FC505-FE87-46A6-A8A9-09AD44BACC98}.Debug|x86.Build.0 = Debug|Any CPU
		{F72FC505-FE87-46A6-A8A9-09AD44BACC98}.Release|Any CPU.ActiveCfg = Release|Any CPU
		{F72FC505-FE87-46A6-A8A9-09AD44BACC98}.Release|Any CPU.Build.0 = Release|Any CPU
		{F72FC505-FE87-46A6-A8A9-09AD44BACC98}.Release|x64.ActiveCfg = Release|Any CPU
		{F72FC505-FE87-46A6-A8A9-09AD44BACC98}.Release|x64.Build.0 = Release|Any CPU
		{F72FC505-FE87-46A6-A8A9-09AD44BACC98}.Release|x86.ActiveCfg = Release|Any CPU
		{F72FC505-FE87-46A6-A8A9-09AD44BACC98}.Release|x86.Build.0 = Release|Any CPU
		{93A4F04D-22B0-4B5A-8AB5-1B4A93A9F0C7}.Debug|Any CPU.ActiveCfg = Debug|Any CPU
		{93A4F04D-22B0-4B5A-8AB5-1B4A93A9F0C7}.Debug|Any CPU.Build.0 = Debug|Any CPU
		{93A4F04D-22B0-4B5A-8AB5-1B4A93A9F0C7}.Debug|x64.ActiveCfg = Debug|Any CPU
		{93A4F04D-22B0-4B5A-8AB5-1B4A93A9F0C7}.Debug|x64.Build.0 = Debug|Any CPU
		{93A4F04D-22B0-4B5A-8AB5-1B4A93A9F0C7}.Debug|x86.ActiveCfg = Debug|Any CPU
		{93A4F04D-22B0-4B5A-8AB5-1B4A93A9F0C7}.Debug|x86.Build.0 = Debug|Any CPU
		{93A4F04D-22B0-4B5A-8AB5-1B4A93A9F0C7}.Release|Any CPU.ActiveCfg = Release|Any CPU
		{93A4F04D-22B0-4B5A-8AB5-1B4A93A9F0C7}.Release|Any CPU.Build.0 = Release|Any CPU
		{93A4F04D-22B0-4B5A-8AB5-1B4A93A9F0C7}.Release|x64.ActiveCfg = Release|Any CPU
		{93A4F04D-22B0-4B5A-8AB5-1B4A93A9F0C7}.Release|x64.Build.0 = Release|Any CPU
		{93A4F04D-22B0-4B5A-8AB5-1B4A93A9F0C7}.Release|x86.ActiveCfg = Release|Any CPU
		{93A4F04D-22B0-4B5A-8AB5-1B4A93A9F0C7}.Release|x86.Build.0 = Release|Any CPU
		{3DAD0314-BE96-4029-AFB4-CC5C247A043C}.Debug|Any CPU.ActiveCfg = Debug|Any CPU
		{3DAD0314-BE96-4029-AFB4-CC5C247A043C}.Debug|Any CPU.Build.0 = Debug|Any CPU
		{3DAD0314-BE96-4029-AFB4-CC5C247A043C}.Debug|x64.ActiveCfg = Debug|Any CPU
		{3DAD0314-BE96-4029-AFB4-CC5C247A043C}.Debug|x64.Build.0 = Debug|Any CPU
		{3DAD0314-BE96-4029-AFB4-CC5C247A043C}.Debug|x86.ActiveCfg = Debug|Any CPU
		{3DAD0314-BE96-4029-AFB4-CC5C247A043C}.Debug|x86.Build.0 = Debug|Any CPU
		{3DAD0314-BE96-4029-AFB4-CC5C247A043C}.Release|Any CPU.ActiveCfg = Release|Any CPU
		{3DAD0314-BE96-4029-AFB4-CC5C247A043C}.Release|Any CPU.Build.0 = Release|Any CPU
		{3DAD0314-BE96-4029-AFB4-CC5C247A043C}.Release|x64.ActiveCfg = Release|Any CPU
		{3DAD0314-BE96-4029-AFB4-CC5C247A043C}.Release|x64.Build.0 = Release|Any CPU
		{3DAD0314-BE96-4029-AFB4-CC5C247A043C}.Release|x86.ActiveCfg = Release|Any CPU
		{3DAD0314-BE96-4029-AFB4-CC5C247A043C}.Release|x86.Build.0 = Release|Any CPU
		{45AAB5FA-38D8-49DF-B7E3-ACCA0FDBDF09}.Debug|Any CPU.ActiveCfg = Debug|Any CPU
		{45AAB5FA-38D8-49DF-B7E3-ACCA0FDBDF09}.Debug|Any CPU.Build.0 = Debug|Any CPU
		{45AAB5FA-38D8-49DF-B7E3-ACCA0FDBDF09}.Debug|x64.ActiveCfg = Debug|Any CPU
		{45AAB5FA-38D8-49DF-B7E3-ACCA0FDBDF09}.Debug|x64.Build.0 = Debug|Any CPU
		{45AAB5FA-38D8-49DF-B7E3-ACCA0FDBDF09}.Debug|x86.ActiveCfg = Debug|Any CPU
		{45AAB5FA-38D8-49DF-B7E3-ACCA0FDBDF09}.Debug|x86.Build.0 = Debug|Any CPU
		{45AAB5FA-38D8-49DF-B7E3-ACCA0FDBDF09}.Release|Any CPU.ActiveCfg = Release|Any CPU
		{45AAB5FA-38D8-49DF-B7E3-ACCA0FDBDF09}.Release|Any CPU.Build.0 = Release|Any CPU
		{45AAB5FA-38D8-49DF-B7E3-ACCA0FDBDF09}.Release|x64.ActiveCfg = Release|Any CPU
		{45AAB5FA-38D8-49DF-B7E3-ACCA0FDBDF09}.Release|x64.Build.0 = Release|Any CPU
		{45AAB5FA-38D8-49DF-B7E3-ACCA0FDBDF09}.Release|x86.ActiveCfg = Release|Any CPU
		{45AAB5FA-38D8-49DF-B7E3-ACCA0FDBDF09}.Release|x86.Build.0 = Release|Any CPU
		{4954038A-F877-4C0E-A73C-616CC4D9EA52}.Debug|Any CPU.ActiveCfg = Debug|Any CPU
		{4954038A-F877-4C0E-A73C-616CC4D9EA52}.Debug|Any CPU.Build.0 = Debug|Any CPU
		{4954038A-F877-4C0E-A73C-616CC4D9EA52}.Debug|x64.ActiveCfg = Debug|Any CPU
		{4954038A-F877-4C0E-A73C-616CC4D9EA52}.Debug|x64.Build.0 = Debug|Any CPU
		{4954038A-F877-4C0E-A73C-616CC4D9EA52}.Debug|x86.ActiveCfg = Debug|Any CPU
		{4954038A-F877-4C0E-A73C-616CC4D9EA52}.Debug|x86.Build.0 = Debug|Any CPU
		{4954038A-F877-4C0E-A73C-616CC4D9EA52}.Release|Any CPU.ActiveCfg = Release|Any CPU
		{4954038A-F877-4C0E-A73C-616CC4D9EA52}.Release|Any CPU.Build.0 = Release|Any CPU
		{4954038A-F877-4C0E-A73C-616CC4D9EA52}.Release|x64.ActiveCfg = Release|Any CPU
		{4954038A-F877-4C0E-A73C-616CC4D9EA52}.Release|x64.Build.0 = Release|Any CPU
		{4954038A-F877-4C0E-A73C-616CC4D9EA52}.Release|x86.ActiveCfg = Release|Any CPU
		{4954038A-F877-4C0E-A73C-616CC4D9EA52}.Release|x86.Build.0 = Release|Any CPU
		{3438FDE6-EB0A-7A82-5A69-FD26838B66B1}.Debug|Any CPU.ActiveCfg = Debug|Any CPU
		{3438FDE6-EB0A-7A82-5A69-FD26838B66B1}.Debug|Any CPU.Build.0 = Debug|Any CPU
		{3438FDE6-EB0A-7A82-5A69-FD26838B66B1}.Debug|x64.ActiveCfg = Debug|Any CPU
		{3438FDE6-EB0A-7A82-5A69-FD26838B66B1}.Debug|x64.Build.0 = Debug|Any CPU
		{3438FDE6-EB0A-7A82-5A69-FD26838B66B1}.Debug|x86.ActiveCfg = Debug|Any CPU
		{3438FDE6-EB0A-7A82-5A69-FD26838B66B1}.Debug|x86.Build.0 = Debug|Any CPU
		{3438FDE6-EB0A-7A82-5A69-FD26838B66B1}.Release|Any CPU.ActiveCfg = Release|Any CPU
		{3438FDE6-EB0A-7A82-5A69-FD26838B66B1}.Release|Any CPU.Build.0 = Release|Any CPU
		{3438FDE6-EB0A-7A82-5A69-FD26838B66B1}.Release|x64.ActiveCfg = Release|Any CPU
		{3438FDE6-EB0A-7A82-5A69-FD26838B66B1}.Release|x64.Build.0 = Release|Any CPU
		{3438FDE6-EB0A-7A82-5A69-FD26838B66B1}.Release|x86.ActiveCfg = Release|Any CPU
		{3438FDE6-EB0A-7A82-5A69-FD26838B66B1}.Release|x86.Build.0 = Release|Any CPU
		{C75D4E4C-3769-00F2-55D7-18834B59A5DB}.Debug|Any CPU.ActiveCfg = Debug|Any CPU
		{C75D4E4C-3769-00F2-55D7-18834B59A5DB}.Debug|Any CPU.Build.0 = Debug|Any CPU
		{C75D4E4C-3769-00F2-55D7-18834B59A5DB}.Debug|x64.ActiveCfg = Debug|Any CPU
		{C75D4E4C-3769-00F2-55D7-18834B59A5DB}.Debug|x64.Build.0 = Debug|Any CPU
		{C75D4E4C-3769-00F2-55D7-18834B59A5DB}.Debug|x86.ActiveCfg = Debug|Any CPU
		{C75D4E4C-3769-00F2-55D7-18834B59A5DB}.Debug|x86.Build.0 = Debug|Any CPU
		{C75D4E4C-3769-00F2-55D7-18834B59A5DB}.Release|Any CPU.ActiveCfg = Release|Any CPU
		{C75D4E4C-3769-00F2-55D7-18834B59A5DB}.Release|Any CPU.Build.0 = Release|Any CPU
		{C75D4E4C-3769-00F2-55D7-18834B59A5DB}.Release|x64.ActiveCfg = Release|Any CPU
		{C75D4E4C-3769-00F2-55D7-18834B59A5DB}.Release|x64.Build.0 = Release|Any CPU
		{C75D4E4C-3769-00F2-55D7-18834B59A5DB}.Release|x86.ActiveCfg = Release|Any CPU
		{C75D4E4C-3769-00F2-55D7-18834B59A5DB}.Release|x86.Build.0 = Release|Any CPU
		{1A4E97F6-AA88-D59B-AEEB-C64D65DA1E6E}.Debug|Any CPU.ActiveCfg = Debug|Any CPU
		{1A4E97F6-AA88-D59B-AEEB-C64D65DA1E6E}.Debug|Any CPU.Build.0 = Debug|Any CPU
		{1A4E97F6-AA88-D59B-AEEB-C64D65DA1E6E}.Debug|x64.ActiveCfg = Debug|Any CPU
		{1A4E97F6-AA88-D59B-AEEB-C64D65DA1E6E}.Debug|x64.Build.0 = Debug|Any CPU
		{1A4E97F6-AA88-D59B-AEEB-C64D65DA1E6E}.Debug|x86.ActiveCfg = Debug|Any CPU
		{1A4E97F6-AA88-D59B-AEEB-C64D65DA1E6E}.Debug|x86.Build.0 = Debug|Any CPU
		{1A4E97F6-AA88-D59B-AEEB-C64D65DA1E6E}.Release|Any CPU.ActiveCfg = Release|Any CPU
		{1A4E97F6-AA88-D59B-AEEB-C64D65DA1E6E}.Release|Any CPU.Build.0 = Release|Any CPU
		{1A4E97F6-AA88-D59B-AEEB-C64D65DA1E6E}.Release|x64.ActiveCfg = Release|Any CPU
		{1A4E97F6-AA88-D59B-AEEB-C64D65DA1E6E}.Release|x64.Build.0 = Release|Any CPU
		{1A4E97F6-AA88-D59B-AEEB-C64D65DA1E6E}.Release|x86.ActiveCfg = Release|Any CPU
		{1A4E97F6-AA88-D59B-AEEB-C64D65DA1E6E}.Release|x86.Build.0 = Release|Any CPU
		{6A75709B-EBFC-83C3-C4C8-AD1D07E619C9}.Debug|Any CPU.ActiveCfg = Debug|Any CPU
		{6A75709B-EBFC-83C3-C4C8-AD1D07E619C9}.Debug|Any CPU.Build.0 = Debug|Any CPU
		{6A75709B-EBFC-83C3-C4C8-AD1D07E619C9}.Debug|x64.ActiveCfg = Debug|Any CPU
		{6A75709B-EBFC-83C3-C4C8-AD1D07E619C9}.Debug|x64.Build.0 = Debug|Any CPU
		{6A75709B-EBFC-83C3-C4C8-AD1D07E619C9}.Debug|x86.ActiveCfg = Debug|Any CPU
		{6A75709B-EBFC-83C3-C4C8-AD1D07E619C9}.Debug|x86.Build.0 = Debug|Any CPU
		{6A75709B-EBFC-83C3-C4C8-AD1D07E619C9}.Release|Any CPU.ActiveCfg = Release|Any CPU
		{6A75709B-EBFC-83C3-C4C8-AD1D07E619C9}.Release|Any CPU.Build.0 = Release|Any CPU
		{6A75709B-EBFC-83C3-C4C8-AD1D07E619C9}.Release|x64.ActiveCfg = Release|Any CPU
		{6A75709B-EBFC-83C3-C4C8-AD1D07E619C9}.Release|x64.Build.0 = Release|Any CPU
		{6A75709B-EBFC-83C3-C4C8-AD1D07E619C9}.Release|x86.ActiveCfg = Release|Any CPU
		{6A75709B-EBFC-83C3-C4C8-AD1D07E619C9}.Release|x86.Build.0 = Release|Any CPU
	EndGlobalSection
	GlobalSection(SolutionProperties) = preSolution
		HideSolutionNode = FALSE
	EndGlobalSection
	GlobalSection(NestedProjects) = preSolution
		{5A13665C-98DF-44C6-BA6F-360B4A2C3711} = {0C88DD14-F956-CE84-757C-A364CCF449FC}
		{F72FC505-FE87-46A6-A8A9-09AD44BACC98} = {0C88DD14-F956-CE84-757C-A364CCF449FC}
		{93A4F04D-22B0-4B5A-8AB5-1B4A93A9F0C7} = {4F9DEAE5-078F-E77A-2E4A-FEB6FFE226FF}
		{3DAD0314-BE96-4029-AFB4-CC5C247A043C} = {4F9DEAE5-078F-E77A-2E4A-FEB6FFE226FF}
		{45AAB5FA-38D8-49DF-B7E3-ACCA0FDBDF09} = {4F9DEAE5-078F-E77A-2E4A-FEB6FFE226FF}
		{4954038A-F877-4C0E-A73C-616CC4D9EA52} = {4F9DEAE5-078F-E77A-2E4A-FEB6FFE226FF}
		{3438FDE6-EB0A-7A82-5A69-FD26838B66B1} = {827E0CD3-B72D-47B6-A68D-7590B98EB39B}
		{C75D4E4C-3769-00F2-55D7-18834B59A5DB} = {827E0CD3-B72D-47B6-A68D-7590B98EB39B}
		{1A4E97F6-AA88-D59B-AEEB-C64D65DA1E6E} = {827E0CD3-B72D-47B6-A68D-7590B98EB39B}
		{6A75709B-EBFC-83C3-C4C8-AD1D07E619C9} = {827E0CD3-B72D-47B6-A68D-7590B98EB39B}
	EndGlobalSection
	GlobalSection(ExtensibilityGlobals) = postSolution
		SolutionGuid = {AC369CCE-B6CC-4FA4-8AC0-6E8914B6D1FE}
	EndGlobalSection
EndGlobal
